
Microsoft Visual Studio Solution File, Format Version 12.00
# Visual Studio Version 17
VisualStudioVersion = 17.4.33213.308
MinimumVisualStudioVersion = 10.0.40219.1
Project("{9A19103F-16F7-4668-BE54-9A1E7A4F7556}") = "section1.5", "section1.5.csproj", "{7ADB54CD-E2F3-418A-A0E3-DF0CA8221950}"
EndProject
Global
	GlobalSection(SolutionConfigurationPlatforms) = preSolution
		Debug|Any CPU = Debug|Any CPU
		Release|Any CPU = Release|Any CPU
	EndGlobalSection
	GlobalSection(ProjectConfigurationPlatforms) = postSolution
		{7ADB54CD-E2F3-418A-A0E3-DF0CA8221950}.Debug|Any CPU.ActiveCfg = Debug|Any CPU
		{7ADB54CD-E2F3-418A-A0E3-DF0CA8221950}.Debug|Any CPU.Build.0 = Debug|Any CPU
		{7ADB54CD-E2F3-418A-A0E3-DF0CA8221950}.Release|Any CPU.ActiveCfg = Release|Any CPU
		{7ADB54CD-E2F3-418A-A0E3-DF0CA8221950}.Release|Any CPU.Build.0 = Release|Any CPU
	EndGlobalSection
	GlobalSection(SolutionProperties) = preSolution
		HideSolutionNode = FALSE
	EndGlobalSection
	GlobalSection(ExtensibilityGlobals) = postSolution
		SolutionGuid = {BC83BB4E-DF80-498F-B736-EC0FFE574B87}
	EndGlobalSection
EndGlobal
