
Microsoft Visual Studio Solution File, Format Version 12.00
# Visual Studio Version 17
VisualStudioVersion = 17.4.33213.308
MinimumVisualStudioVersion = 10.0.40219.1
Project("{9A19103F-16F7-4668-BE54-9A1E7A4F7556}") = "section2.4", "section2.4.csproj", "{D28A6F68-4962-4471-AA5E-C9EF2E3998F9}"
EndProject
Global
	GlobalSection(SolutionConfigurationPlatforms) = preSolution
		Debug|Any CPU = Debug|Any CPU
		Release|Any CPU = Release|Any CPU
	EndGlobalSection
	GlobalSection(ProjectConfigurationPlatforms) = postSolution
		{D28A6F68-4962-4471-AA5E-C9EF2E3998F9}.Debug|Any CPU.ActiveCfg = Debug|Any CPU
		{D28A6F68-4962-4471-AA5E-C9EF2E3998F9}.Debug|Any CPU.Build.0 = Debug|Any CPU
		{D28A6F68-4962-4471-AA5E-C9EF2E3998F9}.Release|Any CPU.ActiveCfg = Release|Any CPU
		{D28A6F68-4962-4471-AA5E-C9EF2E3998F9}.Release|Any CPU.Build.0 = Release|Any CPU
	EndGlobalSection
	GlobalSection(SolutionProperties) = preSolution
		HideSolutionNode = FALSE
	EndGlobalSection
	GlobalSection(ExtensibilityGlobals) = postSolution
		SolutionGuid = {5F8A4028-4DB7-4422-882A-54D810645A82}
	EndGlobalSection
EndGlobal
