
Microsoft Visual Studio Solution File, Format Version 12.00
# Visual Studio Version 17
VisualStudioVersion = 17.4.33213.308
MinimumVisualStudioVersion = 10.0.40219.1
Project("{9A19103F-16F7-4668-BE54-9A1E7A4F7556}") = "section1.2", "section1.2.csproj", "{C81698E1-9DE5-4947-B4BB-8E09663A3566}"
EndProject
Global
	GlobalSection(SolutionConfigurationPlatforms) = preSolution
		Debug|Any CPU = Debug|Any CPU
		Release|Any CPU = Release|Any CPU
	EndGlobalSection
	GlobalSection(ProjectConfigurationPlatforms) = postSolution
		{C81698E1-9DE5-4947-B4BB-8E09663A3566}.Debug|Any CPU.ActiveCfg = Debug|Any CPU
		{C81698E1-9DE5-4947-B4BB-8E09663A3566}.Debug|Any CPU.Build.0 = Debug|Any CPU
		{C81698E1-9DE5-4947-B4BB-8E09663A3566}.Release|Any CPU.ActiveCfg = Release|Any CPU
		{C81698E1-9DE5-4947-B4BB-8E09663A3566}.Release|Any CPU.Build.0 = Release|Any CPU
	EndGlobalSection
	GlobalSection(SolutionProperties) = preSolution
		HideSolutionNode = FALSE
	EndGlobalSection
	GlobalSection(ExtensibilityGlobals) = postSolution
		SolutionGuid = {B6EF17F3-F4DF-48EA-9FD0-8BDC11438AC5}
	EndGlobalSection
EndGlobal
